// !$*UTF8*$!
{
	archiveVersion = 1;
	classes = {
	};
	objectVersion = 56;
	objects = {

/* Begin PBXBuildFile section */
		5A9711612C64293A0020869C /* AppDelegate.swift in Sources */ = {isa = PBXBuildFile; fileRef = 5A9711602C64293A0020869C /* AppDelegate.swift */; };
		5A9711632C64293A0020869C /* SceneDelegate.swift in Sources */ = {isa = PBXBuildFile; fileRef = 5A9711622C64293A0020869C /* SceneDelegate.swift */; };
		5A9711652C64293A0020869C /* CountriesViewController.swift in Sources */ = {isa = PBXBuildFile; fileRef = 5A9711642C64293A0020869C /* CountriesViewController.swift */; };
		5A97116D2C64293C0020869C /* Assets.xcassets in Resources */ = {isa = PBXBuildFile; fileRef = 5A97116C2C64293C0020869C /* Assets.xcassets */; };
		5A9711702C64293C0020869C /* Base in Resources */ = {isa = PBXBuildFile; fileRef = 5A97116F2C64293C0020869C /* Base */; };
		5A9711792C6430B00020869C /* Coordinator.swift in Sources */ = {isa = PBXBuildFile; fileRef = 5A9711782C6430B00020869C /* Coordinator.swift */; };
		5A97117B2C6431390020869C /* MainCoordinator.swift in Sources */ = {isa = PBXBuildFile; fileRef = 5A97117A2C6431390020869C /* MainCoordinator.swift */; };
		5A97117E2C643C7F0020869C /* CountriesNetworkService.swift in Sources */ = {isa = PBXBuildFile; fileRef = 5A97117D2C643C7F0020869C /* CountriesNetworkService.swift */; };
		5A9711812C643E790020869C /* Alamofire in Frameworks */ = {isa = PBXBuildFile; productRef = 5A9711802C643E790020869C /* Alamofire */; };
		5A9711832C643E790020869C /* AlamofireDynamic in Frameworks */ = {isa = PBXBuildFile; productRef = 5A9711822C643E790020869C /* AlamofireDynamic */; };
		5A9711862C643EF20020869C /* PromiseKit in Frameworks */ = {isa = PBXBuildFile; productRef = 5A9711852C643EF20020869C /* PromiseKit */; };
		5A9711892C6441EB0020869C /* CountryModel.swift in Sources */ = {isa = PBXBuildFile; fileRef = 5A9711882C6441EB0020869C /* CountryModel.swift */; };
		5A97118B2C64B64C0020869C /* DataService.swift in Sources */ = {isa = PBXBuildFile; fileRef = 5A97118A2C64B64C0020869C /* DataService.swift */; };
		5A97118D2C64B6630020869C /* CountriesCoreDataService.swift in Sources */ = {isa = PBXBuildFile; fileRef = 5A97118C2C64B6630020869C /* CountriesCoreDataService.swift */; };
		5A9711902C64B6D20020869C /* CountryDataModel.xcdatamodeld in Sources */ = {isa = PBXBuildFile; fileRef = 5A97118E2C64B6D20020869C /* CountryDataModel.xcdatamodeld */; };
		5A9711AB2C64D8B50020869C /* Swinject in Frameworks */ = {isa = PBXBuildFile; productRef = 5A9711AA2C64D8B50020869C /* Swinject */; };
		5A9711AD2C64D8B50020869C /* Swinject-Dynamic in Frameworks */ = {isa = PBXBuildFile; productRef = 5A9711AC2C64D8B50020869C /* Swinject-Dynamic */; };
		5A9711B02C64DAA10020869C /* Container.swift in Sources */ = {isa = PBXBuildFile; fileRef = 5A9711AF2C64DAA10020869C /* Container.swift */; };
		5A9711B32C64DB260020869C /* SwinjectAutoregistration in Frameworks */ = {isa = PBXBuildFile; productRef = 5A9711B22C64DB260020869C /* SwinjectAutoregistration */; };
		5A9711B52C64DB260020869C /* SwinjectAutoregistration-Dynamic in Frameworks */ = {isa = PBXBuildFile; productRef = 5A9711B42C64DB260020869C /* SwinjectAutoregistration-Dynamic */; };
		5A9711B92C64F0280020869C /* CountriesViewModel.swift in Sources */ = {isa = PBXBuildFile; fileRef = 5A9711B82C64F0280020869C /* CountriesViewModel.swift */; };
		5A9711C22C68C4F30020869C /* Differentiator in Frameworks */ = {isa = PBXBuildFile; productRef = 5A9711C12C68C4F30020869C /* Differentiator */; };
		5A9711C42C68C4F30020869C /* RxDataSources in Frameworks */ = {isa = PBXBuildFile; productRef = 5A9711C32C68C4F30020869C /* RxDataSources */; };
		5A9711C72C68DB480020869C /* DataManager.swift in Sources */ = {isa = PBXBuildFile; fileRef = 5A9711C62C68DB480020869C /* DataManager.swift */; };
		5A9711C92C68FA2A0020869C /* CountryCell.swift in Sources */ = {isa = PBXBuildFile; fileRef = 5A9711C82C68FA2A0020869C /* CountryCell.swift */; };
/* End PBXBuildFile section */

/* Begin PBXFileReference section */
		5A97115D2C64293A0020869C /* Countries-Task.app */ = {isa = PBXFileReference; explicitFileType = wrapper.application; includeInIndex = 0; path = "Countries-Task.app"; sourceTree = BUILT_PRODUCTS_DIR; };
		5A9711602C64293A0020869C /* AppDelegate.swift */ = {isa = PBXFileReference; lastKnownFileType = sourcecode.swift; path = AppDelegate.swift; sourceTree = "<group>"; };
		5A9711622C64293A0020869C /* SceneDelegate.swift */ = {isa = PBXFileReference; lastKnownFileType = sourcecode.swift; path = SceneDelegate.swift; sourceTree = "<group>"; };
		5A9711642C64293A0020869C /* CountriesViewController.swift */ = {isa = PBXFileReference; lastKnownFileType = sourcecode.swift; path = CountriesViewController.swift; sourceTree = "<group>"; };
		5A97116C2C64293C0020869C /* Assets.xcassets */ = {isa = PBXFileReference; lastKnownFileType = folder.assetcatalog; path = Assets.xcassets; sourceTree = "<group>"; };
		5A97116F2C64293C0020869C /* Base */ = {isa = PBXFileReference; lastKnownFileType = file.storyboard; name = Base; path = Base.lproj/LaunchScreen.storyboard; sourceTree = "<group>"; };
		5A9711712C64293C0020869C /* Info.plist */ = {isa = PBXFileReference; lastKnownFileType = text.plist.xml; path = Info.plist; sourceTree = "<group>"; };
		5A9711782C6430B00020869C /* Coordinator.swift */ = {isa = PBXFileReference; lastKnownFileType = sourcecode.swift; path = Coordinator.swift; sourceTree = "<group>"; };
		5A97117A2C6431390020869C /* MainCoordinator.swift */ = {isa = PBXFileReference; lastKnownFileType = sourcecode.swift; path = MainCoordinator.swift; sourceTree = "<group>"; };
		5A97117D2C643C7F0020869C /* CountriesNetworkService.swift */ = {isa = PBXFileReference; lastKnownFileType = sourcecode.swift; path = CountriesNetworkService.swift; sourceTree = "<group>"; };
		5A9711882C6441EB0020869C /* CountryModel.swift */ = {isa = PBXFileReference; lastKnownFileType = sourcecode.swift; path = CountryModel.swift; sourceTree = "<group>"; };
		5A97118A2C64B64C0020869C /* DataService.swift */ = {isa = PBXFileReference; lastKnownFileType = sourcecode.swift; path = DataService.swift; sourceTree = "<group>"; };
		5A97118C2C64B6630020869C /* CountriesCoreDataService.swift */ = {isa = PBXFileReference; lastKnownFileType = sourcecode.swift; path = CountriesCoreDataService.swift; sourceTree = "<group>"; };
		5A97118F2C64B6D20020869C /* CountryDataModel.xcdatamodel */ = {isa = PBXFileReference; lastKnownFileType = wrapper.xcdatamodel; path = CountryDataModel.xcdatamodel; sourceTree = "<group>"; };
		5A9711A52C64C8880020869C /* CountryDataModel+CoreDataClass.swift */ = {isa = PBXFileReference; lastKnownFileType = sourcecode.swift; path = "CountryDataModel+CoreDataClass.swift"; sourceTree = "<group>"; };
		5A9711A62C64C8880020869C /* CountryDataModel+CoreDataProperties.swift */ = {isa = PBXFileReference; lastKnownFileType = sourcecode.swift; path = "CountryDataModel+CoreDataProperties.swift"; sourceTree = "<group>"; };
		5A9711AF2C64DAA10020869C /* Container.swift */ = {isa = PBXFileReference; lastKnownFileType = sourcecode.swift; path = Container.swift; sourceTree = "<group>"; };
		5A9711B82C64F0280020869C /* CountriesViewModel.swift */ = {isa = PBXFileReference; lastKnownFileType = sourcecode.swift; path = CountriesViewModel.swift; sourceTree = "<group>"; };
		5A9711C62C68DB480020869C /* DataManager.swift */ = {isa = PBXFileReference; lastKnownFileType = sourcecode.swift; path = DataManager.swift; sourceTree = "<group>"; };
		5A9711C82C68FA2A0020869C /* CountryCell.swift */ = {isa = PBXFileReference; lastKnownFileType = sourcecode.swift; path = CountryCell.swift; sourceTree = "<group>"; };
/* End PBXFileReference section */

/* Begin PBXFrameworksBuildPhase section */
		5A97115A2C64293A0020869C /* Frameworks */ = {
			isa = PBXFrameworksBuildPhase;
			buildActionMask = 2147483647;
			files = (
				5A9711812C643E790020869C /* Alamofire in Frameworks */,
				5A9711862C643EF20020869C /* PromiseKit in Frameworks */,
				5A9711B52C64DB260020869C /* SwinjectAutoregistration-Dynamic in Frameworks */,
				5A9711832C643E790020869C /* AlamofireDynamic in Frameworks */,
				5A9711C22C68C4F30020869C /* Differentiator in Frameworks */,
				5A9711AD2C64D8B50020869C /* Swinject-Dynamic in Frameworks */,
				5A9711C42C68C4F30020869C /* RxDataSources in Frameworks */,
				5A9711AB2C64D8B50020869C /* Swinject in Frameworks */,
				5A9711B32C64DB260020869C /* SwinjectAutoregistration in Frameworks */,
			);
			runOnlyForDeploymentPostprocessing = 0;
		};
/* End PBXFrameworksBuildPhase section */

/* Begin PBXGroup section */
		5A9711542C64293A0020869C = {
			isa = PBXGroup;
			children = (
				5A97115F2C64293A0020869C /* Countries-Task */,
				5A97115E2C64293A0020869C /* Products */,
			);
			sourceTree = "<group>";
		};
		5A97115E2C64293A0020869C /* Products */ = {
			isa = PBXGroup;
			children = (
				5A97115D2C64293A0020869C /* Countries-Task.app */,
			);
			name = Products;
			sourceTree = "<group>";
		};
		5A97115F2C64293A0020869C /* Countries-Task */ = {
			isa = PBXGroup;
			children = (
				5A97117C2C643C530020869C /* Services */,
				5A9711772C6430290020869C /* Coordinator */,
				5A9711AE2C64DA8B0020869C /* Extensions */,
				5A9711712C64293C0020869C /* Info.plist */,
				5A9711BE2C68C1010020869C /* View */,
				5A9711BD2C68C0ED0020869C /* ViewModel */,
				5A9711872C6441E00020869C /* Models */,
				5A9711BC2C68C0AB0020869C /* App */,
			);
			path = "Countries-Task";
			sourceTree = "<group>";
		};
		5A9711772C6430290020869C /* Coordinator */ = {
			isa = PBXGroup;
			children = (
				5A9711782C6430B00020869C /* Coordinator.swift */,
				5A97117A2C6431390020869C /* MainCoordinator.swift */,
			);
			path = Coordinator;
			sourceTree = "<group>";
		};
		5A97117C2C643C530020869C /* Services */ = {
			isa = PBXGroup;
			children = (
				5A97118A2C64B64C0020869C /* DataService.swift */,
				5A97118C2C64B6630020869C /* CountriesCoreDataService.swift */,
				5A97117D2C643C7F0020869C /* CountriesNetworkService.swift */,
				5A9711C62C68DB480020869C /* DataManager.swift */,
			);
			path = Services;
			sourceTree = "<group>";
		};
		5A9711872C6441E00020869C /* Models */ = {
			isa = PBXGroup;
			children = (
				5A9711A52C64C8880020869C /* CountryDataModel+CoreDataClass.swift */,
				5A9711A62C64C8880020869C /* CountryDataModel+CoreDataProperties.swift */,
				5A9711882C6441EB0020869C /* CountryModel.swift */,
				5A97118E2C64B6D20020869C /* CountryDataModel.xcdatamodeld */,
			);
			path = Models;
			sourceTree = "<group>";
		};
		5A9711AE2C64DA8B0020869C /* Extensions */ = {
			isa = PBXGroup;
			children = (
				5A9711AF2C64DAA10020869C /* Container.swift */,
			);
			path = Extensions;
			sourceTree = "<group>";
		};
		5A9711BC2C68C0AB0020869C /* App */ = {
			isa = PBXGroup;
			children = (
				5A97116C2C64293C0020869C /* Assets.xcassets */,
				5A97116E2C64293C0020869C /* LaunchScreen.storyboard */,
				5A9711622C64293A0020869C /* SceneDelegate.swift */,
				5A9711602C64293A0020869C /* AppDelegate.swift */,
			);
			path = App;
			sourceTree = "<group>";
		};
		5A9711BD2C68C0ED0020869C /* ViewModel */ = {
			isa = PBXGroup;
			children = (
				5A9711B82C64F0280020869C /* CountriesViewModel.swift */,
			);
			path = ViewModel;
			sourceTree = "<group>";
		};
		5A9711BE2C68C1010020869C /* View */ = {
			isa = PBXGroup;
			children = (
				5A9711642C64293A0020869C /* CountriesViewController.swift */,
				5A9711C82C68FA2A0020869C /* CountryCell.swift */,
			);
			path = View;
			sourceTree = "<group>";
		};
/* End PBXGroup section */

/* Begin PBXNativeTarget section */
		5A97115C2C64293A0020869C /* Countries-Task */ = {
			isa = PBXNativeTarget;
			buildConfigurationList = 5A9711742C64293C0020869C /* Build configuration list for PBXNativeTarget "Countries-Task" */;
			buildPhases = (
				5A9711592C64293A0020869C /* Sources */,
				5A97115A2C64293A0020869C /* Frameworks */,
				5A97115B2C64293A0020869C /* Resources */,
			);
			buildRules = (
			);
			dependencies = (
			);
			name = "Countries-Task";
			packageProductDependencies = (
				5A9711802C643E790020869C /* Alamofire */,
				5A9711822C643E790020869C /* AlamofireDynamic */,
				5A9711852C643EF20020869C /* PromiseKit */,
				5A9711AA2C64D8B50020869C /* Swinject */,
				5A9711AC2C64D8B50020869C /* Swinject-Dynamic */,
				5A9711B22C64DB260020869C /* SwinjectAutoregistration */,
				5A9711B42C64DB260020869C /* SwinjectAutoregistration-Dynamic */,
				5A9711C12C68C4F30020869C /* Differentiator */,
				5A9711C32C68C4F30020869C /* RxDataSources */,
			);
			productName = "Countries-Task";
			productReference = 5A97115D2C64293A0020869C /* Countries-Task.app */;
			productType = "com.apple.product-type.application";
		};
/* End PBXNativeTarget section */

/* Begin PBXProject section */
		5A9711552C64293A0020869C /* Project object */ = {
			isa = PBXProject;
			attributes = {
				BuildIndependentTargetsInParallel = 1;
				LastSwiftUpdateCheck = 1530;
				LastUpgradeCheck = 1530;
				TargetAttributes = {
					5A97115C2C64293A0020869C = {
						CreatedOnToolsVersion = 15.3;
					};
				};
			};
			buildConfigurationList = 5A9711582C64293A0020869C /* Build configuration list for PBXProject "Countries-Task" */;
			compatibilityVersion = "Xcode 14.0";
			developmentRegion = en;
			hasScannedForEncodings = 0;
			knownRegions = (
				en,
				Base,
			);
			mainGroup = 5A9711542C64293A0020869C;
			packageReferences = (
				5A97117F2C643E790020869C /* XCRemoteSwiftPackageReference "Alamofire" */,
				5A9711842C643EF20020869C /* XCRemoteSwiftPackageReference "PromiseKit" */,
				5A9711A92C64D8B50020869C /* XCRemoteSwiftPackageReference "Swinject" */,
				5A9711B12C64DB260020869C /* XCRemoteSwiftPackageReference "SwinjectAutoregistration" */,
				5A9711BF2C68C3550020869C /* XCRemoteSwiftPackageReference "RxSwift" */,
				5A9711C02C68C4F20020869C /* XCRemoteSwiftPackageReference "RxDataSources" */,
			);
			productRefGroup = 5A97115E2C64293A0020869C /* Products */;
			projectDirPath = "";
			projectRoot = "";
			targets = (
				5A97115C2C64293A0020869C /* Countries-Task */,
			);
		};
/* End PBXProject section */

/* Begin PBXResourcesBuildPhase section */
		5A97115B2C64293A0020869C /* Resources */ = {
			isa = PBXResourcesBuildPhase;
			buildActionMask = 2147483647;
			files = (
				5A97116D2C64293C0020869C /* Assets.xcassets in Resources */,
				5A9711702C64293C0020869C /* Base in Resources */,
			);
			runOnlyForDeploymentPostprocessing = 0;
		};
/* End PBXResourcesBuildPhase section */

/* Begin PBXSourcesBuildPhase section */
		5A9711592C64293A0020869C /* Sources */ = {
			isa = PBXSourcesBuildPhase;
			buildActionMask = 2147483647;
			files = (
				5A9711652C64293A0020869C /* CountriesViewController.swift in Sources */,
				5A97118B2C64B64C0020869C /* DataService.swift in Sources */,
				5A97118D2C64B6630020869C /* CountriesCoreDataService.swift in Sources */,
				5A97117B2C6431390020869C /* MainCoordinator.swift in Sources */,
				5A9711892C6441EB0020869C /* CountryModel.swift in Sources */,
				5A9711792C6430B00020869C /* Coordinator.swift in Sources */,
				5A9711C92C68FA2A0020869C /* CountryCell.swift in Sources */,
				5A9711612C64293A0020869C /* AppDelegate.swift in Sources */,
				5A9711902C64B6D20020869C /* CountryDataModel.xcdatamodeld in Sources */,
				5A9711B02C64DAA10020869C /* Container.swift in Sources */,
				5A9711632C64293A0020869C /* SceneDelegate.swift in Sources */,
				5A9711B92C64F0280020869C /* CountriesViewModel.swift in Sources */,
				5A9711C72C68DB480020869C /* DataManager.swift in Sources */,
				5A97117E2C643C7F0020869C /* CountriesNetworkService.swift in Sources */,
			);
			runOnlyForDeploymentPostprocessing = 0;
		};
/* End PBXSourcesBuildPhase section */

/* Begin PBXVariantGroup section */
		5A97116E2C64293C0020869C /* LaunchScreen.storyboard */ = {
			isa = PBXVariantGroup;
			children = (
				5A97116F2C64293C0020869C /* Base */,
			);
			name = LaunchScreen.storyboard;
			sourceTree = "<group>";
		};
/* End PBXVariantGroup section */

/* Begin XCBuildConfiguration section */
		5A9711722C64293C0020869C /* Debug */ = {
			isa = XCBuildConfiguration;
			buildSettings = {
				ALWAYS_SEARCH_USER_PATHS = NO;
				ASSETCATALOG_COMPILER_GENERATE_SWIFT_ASSET_SYMBOL_EXTENSIONS = YES;
				CLANG_ANALYZER_NONNULL = YES;
				CLANG_ANALYZER_NUMBER_OBJECT_CONVERSION = YES_AGGRESSIVE;
				CLANG_CXX_LANGUAGE_STANDARD = "gnu++20";
				CLANG_ENABLE_MODULES = YES;
				CLANG_ENABLE_OBJC_ARC = YES;
				CLANG_ENABLE_OBJC_WEAK = YES;
				CLANG_WARN_BLOCK_CAPTURE_AUTORELEASING = YES;
				CLANG_WARN_BOOL_CONVERSION = YES;
				CLANG_WARN_COMMA = YES;
				CLANG_WARN_CONSTANT_CONVERSION = YES;
				CLANG_WARN_DEPRECATED_OBJC_IMPLEMENTATIONS = YES;
				CLANG_WARN_DIRECT_OBJC_ISA_USAGE = YES_ERROR;
				CLANG_WARN_DOCUMENTATION_COMMENTS = YES;
				CLANG_WARN_EMPTY_BODY = YES;
				CLANG_WARN_ENUM_CONVERSION = YES;
				CLANG_WARN_INFINITE_RECURSION = YES;
				CLANG_WARN_INT_CONVERSION = YES;
				CLANG_WARN_NON_LITERAL_NULL_CONVERSION = YES;
				CLANG_WARN_OBJC_IMPLICIT_RETAIN_SELF = YES;
				CLANG_WARN_OBJC_LITERAL_CONVERSION = YES;
				CLANG_WARN_OBJC_ROOT_CLASS = YES_ERROR;
				CLANG_WARN_QUOTED_INCLUDE_IN_FRAMEWORK_HEADER = YES;
				CLANG_WARN_RANGE_LOOP_ANALYSIS = YES;
				CLANG_WARN_STRICT_PROTOTYPES = YES;
				CLANG_WARN_SUSPICIOUS_MOVE = YES;
				CLANG_WARN_UNGUARDED_AVAILABILITY = YES_AGGRESSIVE;
				CLANG_WARN_UNREACHABLE_CODE = YES;
				CLANG_WARN__DUPLICATE_METHOD_MATCH = YES;
				COPY_PHASE_STRIP = NO;
				DEBUG_INFORMATION_FORMAT = dwarf;
				ENABLE_STRICT_OBJC_MSGSEND = YES;
				ENABLE_TESTABILITY = YES;
				ENABLE_USER_SCRIPT_SANDBOXING = YES;
				GCC_C_LANGUAGE_STANDARD = gnu17;
				GCC_DYNAMIC_NO_PIC = NO;
				GCC_NO_COMMON_BLOCKS = YES;
				GCC_OPTIMIZATION_LEVEL = 0;
				GCC_PREPROCESSOR_DEFINITIONS = (
					"DEBUG=1",
					"$(inherited)",
				);
				GCC_WARN_64_TO_32_BIT_CONVERSION = YES;
				GCC_WARN_ABOUT_RETURN_TYPE = YES_ERROR;
				GCC_WARN_UNDECLARED_SELECTOR = YES;
				GCC_WARN_UNINITIALIZED_AUTOS = YES_AGGRESSIVE;
				GCC_WARN_UNUSED_FUNCTION = YES;
				GCC_WARN_UNUSED_VARIABLE = YES;
				IPHONEOS_DEPLOYMENT_TARGET = 17.4;
				LOCALIZATION_PREFERS_STRING_CATALOGS = YES;
				MTL_ENABLE_DEBUG_INFO = INCLUDE_SOURCE;
				MTL_FAST_MATH = YES;
				ONLY_ACTIVE_ARCH = YES;
				SDKROOT = iphoneos;
				SWIFT_ACTIVE_COMPILATION_CONDITIONS = "DEBUG $(inherited)";
				SWIFT_OPTIMIZATION_LEVEL = "-Onone";
			};
			name = Debug;
		};
		5A9711732C64293C0020869C /* Release */ = {
			isa = XCBuildConfiguration;
			buildSettings = {
				ALWAYS_SEARCH_USER_PATHS = NO;
				ASSETCATALOG_COMPILER_GENERATE_SWIFT_ASSET_SYMBOL_EXTENSIONS = YES;
				CLANG_ANALYZER_NONNULL = YES;
				CLANG_ANALYZER_NUMBER_OBJECT_CONVERSION = YES_AGGRESSIVE;
				CLANG_CXX_LANGUAGE_STANDARD = "gnu++20";
				CLANG_ENABLE_MODULES = YES;
				CLANG_ENABLE_OBJC_ARC = YES;
				CLANG_ENABLE_OBJC_WEAK = YES;
				CLANG_WARN_BLOCK_CAPTURE_AUTORELEASING = YES;
				CLANG_WARN_BOOL_CONVERSION = YES;
				CLANG_WARN_COMMA = YES;
				CLANG_WARN_CONSTANT_CONVERSION = YES;
				CLANG_WARN_DEPRECATED_OBJC_IMPLEMENTATIONS = YES;
				CLANG_WARN_DIRECT_OBJC_ISA_USAGE = YES_ERROR;
				CLANG_WARN_DOCUMENTATION_COMMENTS = YES;
				CLANG_WARN_EMPTY_BODY = YES;
				CLANG_WARN_ENUM_CONVERSION = YES;
				CLANG_WARN_INFINITE_RECURSION = YES;
				CLANG_WARN_INT_CONVERSION = YES;
				CLANG_WARN_NON_LITERAL_NULL_CONVERSION = YES;
				CLANG_WARN_OBJC_IMPLICIT_RETAIN_SELF = YES;
				CLANG_WARN_OBJC_LITERAL_CONVERSION = YES;
				CLANG_WARN_OBJC_ROOT_CLASS = YES_ERROR;
				CLANG_WARN_QUOTED_INCLUDE_IN_FRAMEWORK_HEADER = YES;
				CLANG_WARN_RANGE_LOOP_ANALYSIS = YES;
				CLANG_WARN_STRICT_PROTOTYPES = YES;
				CLANG_WARN_SUSPICIOUS_MOVE = YES;
				CLANG_WARN_UNGUARDED_AVAILABILITY = YES_AGGRESSIVE;
				CLANG_WARN_UNREACHABLE_CODE = YES;
				CLANG_WARN__DUPLICATE_METHOD_MATCH = YES;
				COPY_PHASE_STRIP = NO;
				DEBUG_INFORMATION_FORMAT = "dwarf-with-dsym";
				ENABLE_NS_ASSERTIONS = NO;
				ENABLE_STRICT_OBJC_MSGSEND = YES;
				ENABLE_USER_SCRIPT_SANDBOXING = YES;
				GCC_C_LANGUAGE_STANDARD = gnu17;
				GCC_NO_COMMON_BLOCKS = YES;
				GCC_WARN_64_TO_32_BIT_CONVERSION = YES;
				GCC_WARN_ABOUT_RETURN_TYPE = YES_ERROR;
				GCC_WARN_UNDECLARED_SELECTOR = YES;
				GCC_WARN_UNINITIALIZED_AUTOS = YES_AGGRESSIVE;
				GCC_WARN_UNUSED_FUNCTION = YES;
				GCC_WARN_UNUSED_VARIABLE = YES;
				IPHONEOS_DEPLOYMENT_TARGET = 17.4;
				LOCALIZATION_PREFERS_STRING_CATALOGS = YES;
				MTL_ENABLE_DEBUG_INFO = NO;
				MTL_FAST_MATH = YES;
				SDKROOT = iphoneos;
				SWIFT_COMPILATION_MODE = wholemodule;
				VALIDATE_PRODUCT = YES;
			};
			name = Release;
		};
		5A9711752C64293C0020869C /* Debug */ = {
			isa = XCBuildConfiguration;
			buildSettings = {
				ASSETCATALOG_COMPILER_APPICON_NAME = AppIcon;
				ASSETCATALOG_COMPILER_GLOBAL_ACCENT_COLOR_NAME = AccentColor;
				CODE_SIGN_STYLE = Automatic;
				CURRENT_PROJECT_VERSION = 1;
				GENERATE_INFOPLIST_FILE = YES;
				INFOPLIST_FILE = "Countries-Task/Info.plist";
				INFOPLIST_KEY_UIApplicationSupportsIndirectInputEvents = YES;
				INFOPLIST_KEY_UILaunchStoryboardName = LaunchScreen;
				INFOPLIST_KEY_UISupportedInterfaceOrientations_iPad = "UIInterfaceOrientationPortrait UIInterfaceOrientationPortraitUpsideDown UIInterfaceOrientationLandscapeLeft UIInterfaceOrientationLandscapeRight";
				INFOPLIST_KEY_UISupportedInterfaceOrientations_iPhone = "UIInterfaceOrientationPortrait UIInterfaceOrientationLandscapeLeft UIInterfaceOrientationLandscapeRight";
				LD_RUNPATH_SEARCH_PATHS = (
					"$(inherited)",
					"@executable_path/Frameworks",
				);
				MARKETING_VERSION = 1.0;
				PRODUCT_BUNDLE_IDENTIFIER = "com.SalmaAI.Hamzeh.Countries.Countries-Task";
				PRODUCT_NAME = "$(TARGET_NAME)";
				SWIFT_EMIT_LOC_STRINGS = YES;
				SWIFT_VERSION = 5.0;
				TARGETED_DEVICE_FAMILY = "1,2";
			};
			name = Debug;
		};
		5A9711762C64293C0020869C /* Release */ = {
			isa = XCBuildConfiguration;
			buildSettings = {
				ASSETCATALOG_COMPILER_APPICON_NAME = AppIcon;
				ASSETCATALOG_COMPILER_GLOBAL_ACCENT_COLOR_NAME = AccentColor;
				CODE_SIGN_STYLE = Automatic;
				CURRENT_PROJECT_VERSION = 1;
				GENERATE_INFOPLIST_FILE = YES;
				INFOPLIST_FILE = "Countries-Task/Info.plist";
				INFOPLIST_KEY_UIApplicationSupportsIndirectInputEvents = YES;
				INFOPLIST_KEY_UILaunchStoryboardName = LaunchScreen;
				INFOPLIST_KEY_UISupportedInterfaceOrientations_iPad = "UIInterfaceOrientationPortrait UIInterfaceOrientationPortraitUpsideDown UIInterfaceOrientationLandscapeLeft UIInterfaceOrientationLandscapeRight";
				INFOPLIST_KEY_UISupportedInterfaceOrientations_iPhone = "UIInterfaceOrientationPortrait UIInterfaceOrientationLandscapeLeft UIInterfaceOrientationLandscapeRight";
				LD_RUNPATH_SEARCH_PATHS = (
					"$(inherited)",
					"@executable_path/Frameworks",
				);
				MARKETING_VERSION = 1.0;
				PRODUCT_BUNDLE_IDENTIFIER = "com.SalmaAI.Hamzeh.Countries.Countries-Task";
				PRODUCT_NAME = "$(TARGET_NAME)";
				SWIFT_EMIT_LOC_STRINGS = YES;
				SWIFT_VERSION = 5.0;
				TARGETED_DEVICE_FAMILY = "1,2";
			};
			name = Release;
		};
/* End XCBuildConfiguration section */

/* Begin XCConfigurationList section */
		5A9711582C64293A0020869C /* Build configuration list for PBXProject "Countries-Task" */ = {
			isa = XCConfigurationList;
			buildConfigurations = (
				5A9711722C64293C0020869C /* Debug */,
				5A9711732C64293C0020869C /* Release */,
			);
			defaultConfigurationIsVisible = 0;
			defaultConfigurationName = Release;
		};
		5A9711742C64293C0020869C /* Build configuration list for PBXNativeTarget "Countries-Task" */ = {
			isa = XCConfigurationList;
			buildConfigurations = (
				5A9711752C64293C0020869C /* Debug */,
				5A9711762C64293C0020869C /* Release */,
			);
			defaultConfigurationIsVisible = 0;
			defaultConfigurationName = Release;
		};
/* End XCConfigurationList section */

/* Begin XCRemoteSwiftPackageReference section */
		5A97117F2C643E790020869C /* XCRemoteSwiftPackageReference "Alamofire" */ = {
			isa = XCRemoteSwiftPackageReference;
			repositoryURL = "https://github.com/Alamofire/Alamofire.git";
			requirement = {
				kind = upToNextMajorVersion;
				minimumVersion = 5.9.1;
			};
		};
		5A9711842C643EF20020869C /* XCRemoteSwiftPackageReference "PromiseKit" */ = {
			isa = XCRemoteSwiftPackageReference;
			repositoryURL = "https://github.com/mxcl/PromiseKit";
			requirement = {
				kind = upToNextMajorVersion;
				minimumVersion = 6.16.0;
			};
		};
		5A9711A92C64D8B50020869C /* XCRemoteSwiftPackageReference "Swinject" */ = {
			isa = XCRemoteSwiftPackageReference;
			repositoryURL = "https://github.com/Swinject/Swinject.git";
			requirement = {
				kind = upToNextMajorVersion;
				minimumVersion = 2.9.1;
			};
		};
		5A9711B12C64DB260020869C /* XCRemoteSwiftPackageReference "SwinjectAutoregistration" */ = {
			isa = XCRemoteSwiftPackageReference;
			repositoryURL = "https://github.com/Swinject/SwinjectAutoregistration.git";
			requirement = {
				kind = upToNextMajorVersion;
				minimumVersion = 2.9.1;
			};
		};
		5A9711BF2C68C3550020869C /* XCRemoteSwiftPackageReference "RxSwift" */ = {
			isa = XCRemoteSwiftPackageReference;
			repositoryURL = "https://github.com/ReactiveX/RxSwift.git";
			requirement = {
				kind = upToNextMajorVersion;
				minimumVersion = 6.7.1;
			};
		};
		5A9711C02C68C4F20020869C /* XCRemoteSwiftPackageReference "RxDataSources" */ = {
			isa = XCRemoteSwiftPackageReference;
			repositoryURL = "https://github.com/RxSwiftCommunity/RxDataSources.git";
			requirement = {
				kind = upToNextMajorVersion;
				minimumVersion = 5.0.2;
			};
		};
/* End XCRemoteSwiftPackageReference section */

/* Begin XCSwiftPackageProductDependency section */
		5A9711802C643E790020869C /* Alamofire */ = {
			isa = XCSwiftPackageProductDependency;
			package = 5A97117F2C643E790020869C /* XCRemoteSwiftPackageReference "Alamofire" */;
			productName = Alamofire;
		};
		5A9711822C643E790020869C /* AlamofireDynamic */ = {
			isa = XCSwiftPackageProductDependency;
			package = 5A97117F2C643E790020869C /* XCRemoteSwiftPackageReference "Alamofire" */;
			productName = AlamofireDynamic;
		};
		5A9711852C643EF20020869C /* PromiseKit */ = {
			isa = XCSwiftPackageProductDependency;
			package = 5A9711842C643EF20020869C /* XCRemoteSwiftPackageReference "PromiseKit" */;
			productName = PromiseKit;
		};
		5A9711AA2C64D8B50020869C /* Swinject */ = {
			isa = XCSwiftPackageProductDependency;
			package = 5A9711A92C64D8B50020869C /* XCRemoteSwiftPackageReference "Swinject" */;
			productName = Swinject;
		};
		5A9711AC2C64D8B50020869C /* Swinject-Dynamic */ = {
			isa = XCSwiftPackageProductDependency;
			package = 5A9711A92C64D8B50020869C /* XCRemoteSwiftPackageReference "Swinject" */;
			productName = "Swinject-Dynamic";
		};
		5A9711B22C64DB260020869C /* SwinjectAutoregistration */ = {
			isa = XCSwiftPackageProductDependency;
			package = 5A9711B12C64DB260020869C /* XCRemoteSwiftPackageReference "SwinjectAutoregistration" */;
			productName = SwinjectAutoregistration;
		};
		5A9711B42C64DB260020869C /* SwinjectAutoregistration-Dynamic */ = {
			isa = XCSwiftPackageProductDependency;
			package = 5A9711B12C64DB260020869C /* XCRemoteSwiftPackageReference "SwinjectAutoregistration" */;
			productName = "SwinjectAutoregistration-Dynamic";
		};
		5A9711C12C68C4F30020869C /* Differentiator */ = {
			isa = XCSwiftPackageProductDependency;
			package = 5A9711C02C68C4F20020869C /* XCRemoteSwiftPackageReference "RxDataSources" */;
			productName = Differentiator;
		};
		5A9711C32C68C4F30020869C /* RxDataSources */ = {
			isa = XCSwiftPackageProductDependency;
			package = 5A9711C02C68C4F20020869C /* XCRemoteSwiftPackageReference "RxDataSources" */;
			productName = RxDataSources;
		};
/* End XCSwiftPackageProductDependency section */

/* Begin XCVersionGroup section */
		5A97118E2C64B6D20020869C /* CountryDataModel.xcdatamodeld */ = {
			isa = XCVersionGroup;
			children = (
				5A97118F2C64B6D20020869C /* CountryDataModel.xcdatamodel */,
			);
			currentVersion = 5A97118F2C64B6D20020869C /* CountryDataModel.xcdatamodel */;
			name = CountryDataModel.xcdatamodeld;
			path = "/Users/hamzehabdulkareem/Desktop/Salma-AI-Task/Countries-Task/Models/CountryDataModel.xcdatamodeld";
			sourceTree = "<group>";
			versionGroupType = wrapper.xcdatamodel;
		};
/* End XCVersionGroup section */
	};
	rootObject = 5A9711552C64293A0020869C /* Project object */;
}
